PODS:
  - Alamofire (5.10.2)
  - AppAuth (2.1.0):
    - AppAuth/Core (= 2.1.0)
    - AppAuth/ExternalUserAgent (= 2.1.0)
  - AppAuth/Core (2.1.0)
  - AppAuth/ExternalUserAgent (2.1.0):
    - AppAuth/Core
  - AppCheckCore (11.3.2):
    - GoogleUtilities/Environment (~> 8.0)
    - GoogleUtilities/UserDefaults (~> 8.0)
    - PromisesObjC (~> 2.4)
    - PromisesSwift (~> 2.4)
    - RecaptchaInterop (~> 101.0)
  - Capacitor (7.6.9):
    - CapacitorCordova
  - CapacitorApp (7.1.2):
    - Capacitor
  - CapacitorCamera (7.0.5):
    - Capacitor
  - CapacitorCommunityAppleSignIn (7.1.0):
    - Capacitor
  - CapacitorCommunitySqlite (7.0.3):
    - Capacitor
    - SQLCipher
    - ZIPFoundation
  - CapacitorCordova (7.6.9)
  - CapacitorFilesystem (7.1.9):
    - Capacitor
    - IONFilesystemLib (~> 1.1.4)
  - CapacitorGeolocation (7.1.8):
    - Capacitor
    - IONGeolocationLib (= 1.0.1)
  - CapacitorSplashScreen (7.0.5):
    - Capacitor
  - CapacitorStatusBar (7.0.6):
    - Capacitor
  - CapgoCapacitorSocialLogin (7.20.0):
    - Alamofire (~> 5.10.2)
    - Capacitor
    - FBSDKCoreKit (= 18.0.0)
    - FBSDKLoginKit (= 18.0.0)
    - GoogleSignIn (~> 9.0.0)
  - FBAEMKit (18.0.0):
    - FBSDKCoreKit_Basics (= 18.0.0)
  - FBSDKCoreKit (18.0.0):
    - FBAEMKit (= 18.0.0)
    - FBSDKCoreKit_Basics (= 18.0.0)
  - FBSDKCoreKit_Basics (18.0.0)
  - FBSDKLoginKit (18.0.0):
    - FBSDKCoreKit (= 18.0.0)
  - GoogleSignIn (9.0.0):
    - AppAuth (~> 2.0)
    - AppCheckCore (~> 11.0)
    - GTMAppAuth (~> 5.0)
    - GTMSessionFetcher/Core (~> 3.3)
  - GoogleUtilities/Environment (8.1.4):
    - GoogleUtilities/Privacy
  - GoogleUtilities/Logger (8.1.4):
    - GoogleUtilities/Environment
    - GoogleUtilities/Privacy
  - GoogleUtilities/Privacy (8.1.4)
  - GoogleUtilities/UserDefaults (8.1.4):
    - GoogleUtilities/Logger
    - GoogleUtilities/Privacy
  - GTMAppAuth (5.0.0):
    - AppAuth/Core (~> 2.0)
    - GTMSessionFetcher/Core (< 4.0, >= 3.3)
  - GTMSessionFetcher/Core (3.5.0)
  - IONFilesystemLib (1.1.4)
  - IONGeolocationLib (1.0.1)
  - PromisesObjC (2.4.1)
  - PromisesSwift (2.4.1):
    - PromisesObjC (= 2.4.1)
  - PurchasesHybridCommon (17.25.0):
    - RevenueCat (= 5.51.1)
  - RecaptchaInterop (101.0.0)
  - RevenueCat (5.51.1)
  - RevenuecatPurchasesCapacitor (11.3.2):
    - Capacitor
    - PurchasesHybridCommon (= 17.25.0)
  - SQLCipher (4.10.0):
    - SQLCipher/standard (= 4.10.0)
  - SQLCipher/common (4.10.0)
  - SQLCipher/standard (4.10.0):
    - SQLCipher/common
  - ZIPFoundation (0.9.20)

DEPENDENCIES:
  - "Capacitor (from `../../node_modules/@capacitor/ios`)"
  - "CapacitorApp (from `../../node_modules/@capacitor/app`)"
  - "CapacitorCamera (from `../../node_modules/@capacitor/camera`)"
  - "CapacitorCommunityAppleSignIn (from `../../node_modules/@capacitor-community/apple-sign-in`)"
  - "CapacitorCommunitySqlite (from `../../node_modules/@capacitor-community/sqlite`)"
  - "CapacitorCordova (from `../../node_modules/@capacitor/ios`)"
  - "CapacitorFilesystem (from `../../node_modules/@capacitor/filesystem`)"
  - "CapacitorGeolocation (from `../../node_modules/@capacitor/geolocation`)"
  - "CapacitorSplashScreen (from `../../node_modules/@capacitor/splash-screen`)"
  - "CapacitorStatusBar (from `../../node_modules/@capacitor/status-bar`)"
  - "CapgoCapacitorSocialLogin (from `../../node_modules/@capgo/capacitor-social-login`)"
  - "RevenuecatPurchasesCapacitor (from `../../node_modules/@revenuecat/purchases-capacitor`)"

SPEC REPOS:
  trunk:
    - Alamofire
    - AppAuth
    - AppCheckCore
    - FBAEMKit
    - FBSDKCoreKit
    - FBSDKCoreKit_Basics
    - FBSDKLoginKit
    - GoogleSignIn
    - GoogleUtilities
    - GTMAppAuth
    - GTMSessionFetcher
    - IONFilesystemLib
    - IONGeolocationLib
    - PromisesObjC
    - PromisesSwift
    - PurchasesHybridCommon
    - RecaptchaInterop
    - RevenueCat
    - SQLCipher
    - ZIPFoundation

EXTERNAL SOURCES:
  Capacitor:
    :path: "../../node_modules/@capacitor/ios"
  CapacitorApp:
    :path: "../../node_modules/@capacitor/app"
  CapacitorCamera:
    :path: "../../node_modules/@capacitor/camera"
  CapacitorCommunityAppleSignIn:
    :path: "../../node_modules/@capacitor-community/apple-sign-in"
  CapacitorCommunitySqlite:
    :path: "../../node_modules/@capacitor-community/sqlite"
  CapacitorCordova:
    :path: "../../node_modules/@capacitor/ios"
  CapacitorFilesystem:
    :path: "../../node_modules/@capacitor/filesystem"
  CapacitorGeolocation:
    :path: "../../node_modules/@capacitor/geolocation"
  CapacitorSplashScreen:
    :path: "../../node_modules/@capacitor/splash-screen"
  CapacitorStatusBar:
    :path: "../../node_modules/@capacitor/status-bar"
  CapgoCapacitorSocialLogin:
    :path: "../../node_modules/@capgo/capacitor-social-login"
  RevenuecatPurchasesCapacitor:
    :path: "../../node_modules/@revenuecat/purchases-capacitor"

SPEC CHECKSUMS:
  Alamofire: 7193b3b92c74a07f85569e1a6c4f4237291e7496
  AppAuth: ef4da5a3fc2e10b90c09a0a94a9baeaedc0341d5
  AppCheckCore: be8fce5469f68d7f6a29aa94b25f097409ff7fdc
  Capacitor: 1194c38ae1cc820671aefd94c59ebcbca2f33b26
  CapacitorApp: 6b89831465d6bc99bc89779b1b7f5327e33011ce
  CapacitorCamera: fdbf24f93bc44ca13c4209866368a1972349d3d2
  CapacitorCommunityAppleSignIn: 59bc8ade5677e6ea60a14bdca8d3f4bdc91069e2
  CapacitorCommunitySqlite: 30a73598245016daa4f88c0af391080bfc0af727
  CapacitorCordova: 2080fc0d6bfbc9dcc0e6d88e77fa624190d343ca
  CapacitorFilesystem: a547af7d8cbbd4ee11486aae9bfff8c4cfcbc0ae
  CapacitorGeolocation: de4b0ccf90140528184e31676dd5e3a328eb589a
  CapacitorSplashScreen: b3d12b4324d93ce605fe57f05a199ade7f26189e
  CapacitorStatusBar: a3acb591ff56301e28aa1a01791ba74a8e1faabb
  CapgoCapacitorSocialLogin: 79d4b36c42e802d4e719c3cc2d7d67c895ec3187
  FBAEMKit: e34530df538b8eb8aeb53c35867715ba6c63ef0c
  FBSDKCoreKit: d3f479a69127acebb1c6aad91c1a33907bcf6c2f
  FBSDKCoreKit_Basics: 017b6dc2a1862024815a8229e75661e627ac1e29
  FBSDKLoginKit: 5875762d1fe09ddcb05d03365d4f5dc34413843d
  GoogleSignIn: c7f09cfbc85a1abf69187be091997c317cc33b77
  GoogleUtilities: db34c1c11c6f2eccb6fab2340cb8ceb1451299dc
  GTMAppAuth: 217a876b249c3c585a54fd6f73e6b58c4f5c4238
  GTMSessionFetcher: 5aea5ba6bd522a239e236100971f10cb71b96ab6
  IONFilesystemLib: e6610c2b260d15e4b9cb9d5e37a87095479b669e
  IONGeolocationLib: 20f9d0248a0b5264511fb57a37e25dd2badf797a
  PromisesObjC: 752c3227f599e3467650e47ea36f433eeb10c273
  PromisesSwift: 217dea0fd5d2ad65222a109c48698add13cc1c5b
  PurchasesHybridCommon: 6a79a873ab52f777bfa36e9516f3fcd84d3b3428
  RecaptchaInterop: 11e0b637842dfb48308d242afc3f448062325aba
  RevenueCat: eab035bbab271faccfef5c36eaff2a1ffef14dc0
  RevenuecatPurchasesCapacitor: 17db9f0b99ec5c4055d84af83d38bc5038f50ff2
  SQLCipher: eb79c64049cb002b4e9fcb30edb7979bf4706dfc
  ZIPFoundation: dfd3d681c4053ff7e2f7350bc4e53b5dba3f5351

PODFILE CHECKSUM: e0980212e9cd747c9ceae4f1324d582b71bd51c2

COCOAPODS: 1.16.2
